
Microsoft Visual Studio Solution File, Format Version 12.00
# Visual Studio Version 16
VisualStudioVersion = 16.0.29409.12
MinimumVisualStudioVersion = 10.0.40219.1
Project("{FAE04EC0-301F-11D3-BF4B-00C04F79EFBC}") = "Seed.Api", "Seed.Api\Seed.Api.csproj", "{ABC0A4A0-4724-47EB-B197-A37282A6EE24}"
EndProject
Project("{FAE04EC0-301F-11D3-BF4B-00C04F79EFBC}") = "Seed.Core", "Seed.Core\Seed.Core.csproj", "{50F8F00D-6EA2-4414-89D8-427908D78632}"
EndProject
Project("{FAE04EC0-301F-11D3-BF4B-00C04F79EFBC}") = "Seed.DataMySql", "Seed.DataMySql\Seed.DataMySql.csproj", "{2F13244B-F1EF-42A2-A121-C77E15509388}"
EndProject
Global
	GlobalSection(SolutionConfigurationPlatforms) = preSolution
		Debug|Any CPU = Debug|Any CPU
		Release|Any CPU = Release|Any CPU
	EndGlobalSection
	GlobalSection(ProjectConfigurationPlatforms) = postSolution
		{ABC0A4A0-4724-47EB-B197-A37282A6EE24}.Debug|Any CPU.ActiveCfg = Debug|Any CPU
		{ABC0A4A0-4724-47EB-B197-A37282A6EE24}.Debug|Any CPU.Build.0 = Debug|Any CPU
		{ABC0A4A0-4724-47EB-B197-A37282A6EE24}.Release|Any CPU.ActiveCfg = Release|Any CPU
		{ABC0A4A0-4724-47EB-B197-A37282A6EE24}.Release|Any CPU.Build.0 = Release|Any CPU
		{50F8F00D-6EA2-4414-89D8-427908D78632}.Debug|Any CPU.ActiveCfg = Debug|Any CPU
		{50F8F00D-6EA2-4414-89D8-427908D78632}.Debug|Any CPU.Build.0 = Debug|Any CPU
		{50F8F00D-6EA2-4414-89D8-427908D78632}.Release|Any CPU.ActiveCfg = Release|Any CPU
		{50F8F00D-6EA2-4414-89D8-427908D78632}.Release|Any CPU.Build.0 = Release|Any CPU
		{2F13244B-F1EF-42A2-A121-C77E15509388}.Debug|Any CPU.ActiveCfg = Debug|Any CPU
		{2F13244B-F1EF-42A2-A121-C77E15509388}.Debug|Any CPU.Build.0 = Debug|Any CPU
		{2F13244B-F1EF-42A2-A121-C77E15509388}.Release|Any CPU.ActiveCfg = Release|Any CPU
		{2F13244B-F1EF-42A2-A121-C77E15509388}.Release|Any CPU.Build.0 = Release|Any CPU
	EndGlobalSection
	GlobalSection(SolutionProperties) = preSolution
		HideSolutionNode = FALSE
	EndGlobalSection
	GlobalSection(ExtensibilityGlobals) = postSolution
		SolutionGuid = {35C0E114-9639-4FF1-9306-468A4AB0EB0D}
	EndGlobalSection
EndGlobal
